// !$*UTF8*$!
{
	archiveVersion = 1;
	classes = {
	};
	objectVersion = 46;
	objects = {

/* Begin PBXBuildFile section */
		41CD6C6515BF7574005E6F29 /* AppController.mm in Sources */ = {isa = PBXBuildFile; fileRef = 41CD6C6315BF7574005E6F29 /* AppController.mm */; };
		41CD6C6615BF7574005E6F29 /* main.m in Sources */ = {isa = PBXBuildFile; fileRef = 41CD6C6415BF7574005E6F29 /* main.m */; };
		41CD6C6E15BF7673005E6F29 /* InfoPlist.strings in Resources */ = {isa = PBXBuildFile; fileRef = 41CD6C6815BF7673005E6F29 /* InfoPlist.strings */; };
		41CD6C6F15BF7673005E6F29 /* MainMenu.xib in Resources */ = {isa = PBXBuildFile; fileRef = 41CD6C6A15BF7673005E6F29 /* MainMenu.xib */; };
		41CD6C8F15BF7793005E6F29 /* AppKit.framework in Frameworks */ = {isa = PBXBuildFile; fileRef = 41CD6C8715BF7793005E6F29 /* AppKit.framework */; };
		41CD6C9015BF7793005E6F29 /* AudioToolbox.framework in Frameworks */ = {isa = PBXBuildFile; fileRef = 41CD6C8815BF7793005E6F29 /* AudioToolbox.framework */; };
		41CD6C9115BF7793005E6F29 /* Cocoa.framework in Frameworks */ = {isa = PBXBuildFile; fileRef = 41CD6C8915BF7793005E6F29 /* Cocoa.framework */; };
		41CD6C9215BF7793005E6F29 /* CoreFoundation.framework in Frameworks */ = {isa = PBXBuildFile; fileRef = 41CD6C8A15BF7793005E6F29 /* CoreFoundation.framework */; };
		41CD6C9315BF7793005E6F29 /* Foundation.framework in Frameworks */ = {isa = PBXBuildFile; fileRef = 41CD6C8B15BF7793005E6F29 /* Foundation.framework */; };
		41CD6C9415BF7793005E6F29 /* OpenAL.framework in Frameworks */ = {isa = PBXBuildFile; fileRef = 41CD6C8C15BF7793005E6F29 /* OpenAL.framework */; };
		41CD6C9515BF7793005E6F29 /* OpenGL.framework in Frameworks */ = {isa = PBXBuildFile; fileRef = 41CD6C8D15BF7793005E6F29 /* OpenGL.framework */; };
		41CD6C9615BF7793005E6F29 /* QuartzCore.framework in Frameworks */ = {isa = PBXBuildFile; fileRef = 41CD6C8E15BF7793005E6F29 /* QuartzCore.framework */; };
		7814319718369F8E00784217 /* libcocos2dx.a in Frameworks */ = {isa = PBXBuildFile; fileRef = 7814319618369F8E00784217 /* libcocos2dx.a */; };
		78605304174FABF400ACE2D3 /* libz.dylib in Frameworks */ = {isa = PBXBuildFile; fileRef = 78605303174FABF400ACE2D3 /* libz.dylib */; };
		7861C1881836955C00B2A896 /* CDAudioManager.m in Sources */ = {isa = PBXBuildFile; fileRef = 7861C0E31836955B00B2A896 /* CDAudioManager.m */; };
		7861C1891836955C00B2A896 /* CDOpenALSupport.m in Sources */ = {isa = PBXBuildFile; fileRef = 7861C0E61836955B00B2A896 /* CDOpenALSupport.m */; };
		7861C18A1836955C00B2A896 /* CDXMacOSXSupport.mm in Sources */ = {isa = PBXBuildFile; fileRef = 7861C0E81836955B00B2A896 /* CDXMacOSXSupport.mm */; };
		7861C18B1836955C00B2A896 /* CocosDenshion.m in Sources */ = {isa = PBXBuildFile; fileRef = 7861C0EA1836955B00B2A896 /* CocosDenshion.m */; };
		7861C18C1836955C00B2A896 /* SimpleAudioEngine.mm in Sources */ = {isa = PBXBuildFile; fileRef = 7861C0EB1836955B00B2A896 /* SimpleAudioEngine.mm */; };
		7861C18D1836955C00B2A896 /* SimpleAudioEngine_objc.m in Sources */ = {isa = PBXBuildFile; fileRef = 7861C0ED1836955B00B2A896 /* SimpleAudioEngine_objc.m */; };
		7873608517CDF54D006C1C9B /* Comic Sans MS.ttf in Resources */ = {isa = PBXBuildFile; fileRef = 78735F2517CDF54C006C1C9B /* Comic Sans MS.ttf */; };
		7873627617CDF627006C1C9B /* iPad-portrait.png in Resources */ = {isa = PBXBuildFile; fileRef = 7873620517CDF627006C1C9B /* iPad-portrait.png */; };
		7873627717CDF627006C1C9B /* iPad-portrait@2x.png in Resources */ = {isa = PBXBuildFile; fileRef = 7873620617CDF627006C1C9B /* iPad-portrait@2x.png */; };
		7873627817CDF627006C1C9B /* iPhone-portrait.png in Resources */ = {isa = PBXBuildFile; fileRef = 7873620717CDF627006C1C9B /* iPhone-portrait.png */; };
		7873627917CDF627006C1C9B /* iPhone-portrait@2x.png in Resources */ = {isa = PBXBuildFile; fileRef = 7873620817CDF627006C1C9B /* iPhone-portrait@2x.png */; };
		7873627A17CDF627006C1C9B /* iPhone5-portrait@2x.png in Resources */ = {isa = PBXBuildFile; fileRef = 7873620917CDF627006C1C9B /* iPhone5-portrait@2x.png */; };
		78A85918185BA50000D1CF61 /* .gitignore in Resources */ = {isa = PBXBuildFile; fileRef = 78A85917185BA50000D1CF61 /* .gitignore */; };
		78D35983182D25D5001450F3 /* AppDelegate.cpp in Sources */ = {isa = PBXBuildFile; fileRef = 78D358C0182D25D5001450F3 /* AppDelegate.cpp */; };
		78D359AC182D25D6001450F3 /* Options.cpp in Sources */ = {isa = PBXBuildFile; fileRef = 78D35915182D25D5001450F3 /* Options.cpp */; };
/* End PBXBuildFile section */

/* Begin PBXContainerItemProxy section */
		7814319418369E1C00784217 /* PBXContainerItemProxy */ = {
			isa = PBXContainerItemProxy;
			containerPortal = 7814319018369E1C00784217 /* cocos2dx.xcodeproj */;
			proxyType = 2;
			remoteGlobalIDString = 1551A33F158F2AB200E66CFE;
			remoteInfo = cocos2dx;
		};
/* End PBXContainerItemProxy section */

/* Begin PBXFileReference section */
		41CD6C5115BF748C005E6F29 /* Beat my robo.app */ = {isa = PBXFileReference; explicitFileType = wrapper.application; includeInIndex = 0; path = "Beat my robo.app"; sourceTree = BUILT_PRODUCTS_DIR; };
		41CD6C6215BF7574005E6F29 /* AppController.h */ = {isa = PBXFileReference; fileEncoding = 4; lastKnownFileType = sourcecode.c.h; path = AppController.h; sourceTree = "<group>"; };
		41CD6C6315BF7574005E6F29 /* AppController.mm */ = {isa = PBXFileReference; fileEncoding = 4; lastKnownFileType = sourcecode.cpp.objcpp; path = AppController.mm; sourceTree = "<group>"; };
		41CD6C6415BF7574005E6F29 /* main.m */ = {isa = PBXFileReference; fileEncoding = 4; lastKnownFileType = sourcecode.c.objc; path = main.m; sourceTree = "<group>"; };
		41CD6C6915BF7673005E6F29 /* en */ = {isa = PBXFileReference; lastKnownFileType = text.plist.strings; name = en; path = InfoPlist.strings; sourceTree = "<group>"; };
		41CD6C6B15BF7673005E6F29 /* en */ = {isa = PBXFileReference; lastKnownFileType = file.xib; name = en; path = MainMenu.xib; sourceTree = "<group>"; };
		41CD6C8715BF7793005E6F29 /* AppKit.framework */ = {isa = PBXFileReference; lastKnownFileType = wrapper.framework; name = AppKit.framework; path = System/Library/Frameworks/AppKit.framework; sourceTree = SDKROOT; };
		41CD6C8815BF7793005E6F29 /* AudioToolbox.framework */ = {isa = PBXFileReference; lastKnownFileType = wrapper.framework; name = AudioToolbox.framework; path = System/Library/Frameworks/AudioToolbox.framework; sourceTree = SDKROOT; };
		41CD6C8915BF7793005E6F29 /* Cocoa.framework */ = {isa = PBXFileReference; lastKnownFileType = wrapper.framework; name = Cocoa.framework; path = System/Library/Frameworks/Cocoa.framework; sourceTree = SDKROOT; };
		41CD6C8A15BF7793005E6F29 /* CoreFoundation.framework */ = {isa = PBXFileReference; lastKnownFileType = wrapper.framework; name = CoreFoundation.framework; path = System/Library/Frameworks/CoreFoundation.framework; sourceTree = SDKROOT; };
		41CD6C8B15BF7793005E6F29 /* Foundation.framework */ = {isa = PBXFileReference; lastKnownFileType = wrapper.framework; name = Foundation.framework; path = System/Library/Frameworks/Foundation.framework; sourceTree = SDKROOT; };
		41CD6C8C15BF7793005E6F29 /* OpenAL.framework */ = {isa = PBXFileReference; lastKnownFileType = wrapper.framework; name = OpenAL.framework; path = System/Library/Frameworks/OpenAL.framework; sourceTree = SDKROOT; };
		41CD6C8D15BF7793005E6F29 /* OpenGL.framework */ = {isa = PBXFileReference; lastKnownFileType = wrapper.framework; name = OpenGL.framework; path = System/Library/Frameworks/OpenGL.framework; sourceTree = SDKROOT; };
		41CD6C8E15BF7793005E6F29 /* QuartzCore.framework */ = {isa = PBXFileReference; lastKnownFileType = wrapper.framework; name = QuartzCore.framework; path = System/Library/Frameworks/QuartzCore.framework; sourceTree = SDKROOT; };
		7814319018369E1C00784217 /* cocos2dx.xcodeproj */ = {isa = PBXFileReference; lastKnownFileType = "wrapper.pb-project"; name = cocos2dx.xcodeproj; path = ../../../cocos2dx/proj.mac/cocos2dx.xcodeproj; sourceTree = "<group>"; };
		7814319618369F8E00784217 /* libcocos2dx.a */ = {isa = PBXFileReference; lastKnownFileType = archive.ar; path = libcocos2dx.a; sourceTree = "<group>"; };
		78605303174FABF400ACE2D3 /* libz.dylib */ = {isa = PBXFileReference; lastKnownFileType = "compiled.mach-o.dylib"; name = libz.dylib; path = usr/lib/libz.dylib; sourceTree = SDKROOT; };
		7861C0CE1836955B00B2A896 /* Export.h */ = {isa = PBXFileReference; fileEncoding = 4; lastKnownFileType = sourcecode.c.h; path = Export.h; sourceTree = "<group>"; };
		7861C0CF1836955B00B2A896 /* SimpleAudioEngine.h */ = {isa = PBXFileReference; fileEncoding = 4; lastKnownFileType = sourcecode.c.h; path = SimpleAudioEngine.h; sourceTree = "<group>"; };
		7861C0E21836955B00B2A896 /* CDAudioManager.h */ = {isa = PBXFileReference; fileEncoding = 4; lastKnownFileType = sourcecode.c.h; path = CDAudioManager.h; sourceTree = "<group>"; };
		7861C0E31836955B00B2A896 /* CDAudioManager.m */ = {isa = PBXFileReference; fileEncoding = 4; lastKnownFileType = sourcecode.c.objc; path = CDAudioManager.m; sourceTree = "<group>"; };
		7861C0E41836955B00B2A896 /* CDConfig.h */ = {isa = PBXFileReference; fileEncoding = 4; lastKnownFileType = sourcecode.c.h; path = CDConfig.h; sourceTree = "<group>"; };
		7861C0E51836955B00B2A896 /* CDOpenALSupport.h */ = {isa = PBXFileReference; fileEncoding = 4; lastKnownFileType = sourcecode.c.h; path = CDOpenALSupport.h; sourceTree = "<group>"; };
		7861C0E61836955B00B2A896 /* CDOpenALSupport.m */ = {isa = PBXFileReference; fileEncoding = 4; lastKnownFileType = sourcecode.c.objc; path = CDOpenALSupport.m; sourceTree = "<group>"; };
		7861C0E71836955B00B2A896 /* CDXMacOSXSupport.h */ = {isa = PBXFileReference; fileEncoding = 4; lastKnownFileType = sourcecode.c.h; path = CDXMacOSXSupport.h; sourceTree = "<group>"; };
		7861C0E81836955B00B2A896 /* CDXMacOSXSupport.mm */ = {isa = PBXFileReference; fileEncoding = 4; lastKnownFileType = sourcecode.cpp.objcpp; path = CDXMacOSXSupport.mm; sourceTree = "<group>"; };
		7861C0E91836955B00B2A896 /* CocosDenshion.h */ = {isa = PBXFileReference; fileEncoding = 4; lastKnownFileType = sourcecode.c.h; path = CocosDenshion.h; sourceTree = "<group>"; };
		7861C0EA1836955B00B2A896 /* CocosDenshion.m */ = {isa = PBXFileReference; fileEncoding = 4; lastKnownFileType = sourcecode.c.objc; path = CocosDenshion.m; sourceTree = "<group>"; };
		7861C0EB1836955B00B2A896 /* SimpleAudioEngine.mm */ = {isa = PBXFileReference; fileEncoding = 4; lastKnownFileType = sourcecode.cpp.objcpp; path = SimpleAudioEngine.mm; sourceTree = "<group>"; };
		7861C0EC1836955B00B2A896 /* SimpleAudioEngine_objc.h */ = {isa = PBXFileReference; fileEncoding = 4; lastKnownFileType = sourcecode.c.h; path = SimpleAudioEngine_objc.h; sourceTree = "<group>"; };
		7861C0ED1836955B00B2A896 /* SimpleAudioEngine_objc.m */ = {isa = PBXFileReference; fileEncoding = 4; lastKnownFileType = sourcecode.c.objc; path = SimpleAudioEngine_objc.m; sourceTree = "<group>"; };
		78735F2517CDF54C006C1C9B /* Comic Sans MS.ttf */ = {isa = PBXFileReference; lastKnownFileType = file; path = "Comic Sans MS.ttf"; sourceTree = "<group>"; };
		7873620517CDF627006C1C9B /* iPad-portrait.png */ = {isa = PBXFileReference; lastKnownFileType = image.png; path = "iPad-portrait.png"; sourceTree = "<group>"; };
		7873620617CDF627006C1C9B /* iPad-portrait@2x.png */ = {isa = PBXFileReference; lastKnownFileType = image.png; path = "iPad-portrait@2x.png"; sourceTree = "<group>"; };
		7873620717CDF627006C1C9B /* iPhone-portrait.png */ = {isa = PBXFileReference; lastKnownFileType = image.png; path = "iPhone-portrait.png"; sourceTree = "<group>"; };
		7873620817CDF627006C1C9B /* iPhone-portrait@2x.png */ = {isa = PBXFileReference; lastKnownFileType = image.png; path = "iPhone-portrait@2x.png"; sourceTree = "<group>"; };
		7873620917CDF627006C1C9B /* iPhone5-portrait@2x.png */ = {isa = PBXFileReference; lastKnownFileType = image.png; path = "iPhone5-portrait@2x.png"; sourceTree = "<group>"; };
		78A85917185BA50000D1CF61 /* .gitignore */ = {isa = PBXFileReference; fileEncoding = 4; lastKnownFileType = text; path = .gitignore; sourceTree = "<group>"; };
		78A85919185BA51E00D1CF61 /* BeatMyRobo_Prefix.pch */ = {isa = PBXFileReference; fileEncoding = 4; lastKnownFileType = sourcecode.c.h; path = BeatMyRobo_Prefix.pch; sourceTree = "<group>"; };
		78AEFB5F1787609800CD5109 /* Info.plist */ = {isa = PBXFileReference; fileEncoding = 4; lastKnownFileType = text.plist.xml; path = Info.plist; sourceTree = "<group>"; };
		78D358C0182D25D5001450F3 /* AppDelegate.cpp */ = {isa = PBXFileReference; fileEncoding = 4; lastKnownFileType = sourcecode.cpp.cpp; path = AppDelegate.cpp; sourceTree = "<group>"; };
		78D358C1182D25D5001450F3 /* AppDelegate.h */ = {isa = PBXFileReference; fileEncoding = 4; lastKnownFileType = sourcecode.c.h; path = AppDelegate.h; sourceTree = "<group>"; };
		78D35915182D25D5001450F3 /* Options.cpp */ = {isa = PBXFileReference; fileEncoding = 4; lastKnownFileType = sourcecode.cpp.cpp; path = Options.cpp; sourceTree = "<group>"; };
		78D35916182D25D5001450F3 /* Options.h */ = {isa = PBXFileReference; fileEncoding = 4; lastKnownFileType = sourcecode.c.h; path = Options.h; sourceTree = "<group>"; };
/* End PBXFileReference section */

/* Begin PBXFrameworksBuildPhase section */
		41851B8F15B93C32004083E9 /* Frameworks */ = {
			isa = PBXFrameworksBuildPhase;
			buildActionMask = 2147483647;
			files = (
				7814319718369F8E00784217 /* libcocos2dx.a in Frameworks */,
				78605304174FABF400ACE2D3 /* libz.dylib in Frameworks */,
				41CD6C8F15BF7793005E6F29 /* AppKit.framework in Frameworks */,
				41CD6C9015BF7793005E6F29 /* AudioToolbox.framework in Frameworks */,
				41CD6C9115BF7793005E6F29 /* Cocoa.framework in Frameworks */,
				41CD6C9215BF7793005E6F29 /* CoreFoundation.framework in Frameworks */,
				41CD6C9315BF7793005E6F29 /* Foundation.framework in Frameworks */,
				41CD6C9415BF7793005E6F29 /* OpenAL.framework in Frameworks */,
				41CD6C9515BF7793005E6F29 /* OpenGL.framework in Frameworks */,
				41CD6C9615BF7793005E6F29 /* QuartzCore.framework in Frameworks */,
			);
			runOnlyForDeploymentPostprocessing = 0;
		};
/* End PBXFrameworksBuildPhase section */

/* Begin PBXGroup section */
		41851B8715B93C32004083E9 = {
			isa = PBXGroup;
			children = (
				7814319018369E1C00784217 /* cocos2dx.xcodeproj */,
				78D358BF182D25D5001450F3 /* Classes */,
				78735F2317CDF54C006C1C9B /* Resources */,
				7861C0B51836955B00B2A896 /* CocosDenshion */,
				41CD6C5E15BF7514005E6F29 /* Frameworks */,
				41CD6C5F15BF7522005E6F29 /* mac */,
				41EFC1BB15BF7AC30083EA95 /* Products */,
			);
			sourceTree = "<group>";
		};
		41CD6C5E15BF7514005E6F29 /* Frameworks */ = {
			isa = PBXGroup;
			children = (
				7814319618369F8E00784217 /* libcocos2dx.a */,
				78605303174FABF400ACE2D3 /* libz.dylib */,
				41CD6C8715BF7793005E6F29 /* AppKit.framework */,
				41CD6C8815BF7793005E6F29 /* AudioToolbox.framework */,
				41CD6C8915BF7793005E6F29 /* Cocoa.framework */,
				41CD6C8A15BF7793005E6F29 /* CoreFoundation.framework */,
				41CD6C8B15BF7793005E6F29 /* Foundation.framework */,
				41CD6C8C15BF7793005E6F29 /* OpenAL.framework */,
				41CD6C8D15BF7793005E6F29 /* OpenGL.framework */,
				41CD6C8E15BF7793005E6F29 /* QuartzCore.framework */,
			);
			name = Frameworks;
			sourceTree = "<group>";
		};
		41CD6C5F15BF7522005E6F29 /* mac */ = {
			isa = PBXGroup;
			children = (
				78AEFB5F1787609800CD5109 /* Info.plist */,
				78A85919185BA51E00D1CF61 /* BeatMyRobo_Prefix.pch */,
				41CD6C6215BF7574005E6F29 /* AppController.h */,
				41CD6C6315BF7574005E6F29 /* AppController.mm */,
				41CD6C6415BF7574005E6F29 /* main.m */,
				41CD6C6715BF7673005E6F29 /* en.lproj */,
			);
			name = mac;
			sourceTree = "<group>";
		};
		41CD6C6715BF7673005E6F29 /* en.lproj */ = {
			isa = PBXGroup;
			children = (
				41CD6C6815BF7673005E6F29 /* InfoPlist.strings */,
				41CD6C6A15BF7673005E6F29 /* MainMenu.xib */,
			);
			path = en.lproj;
			sourceTree = "<group>";
		};
		41EFC1BB15BF7AC30083EA95 /* Products */ = {
			isa = PBXGroup;
			children = (
				41CD6C5115BF748C005E6F29 /* Beat my robo.app */,
			);
			name = Products;
			sourceTree = "<group>";
		};
		7814319118369E1C00784217 /* Products */ = {
			isa = PBXGroup;
			children = (
				7814319518369E1C00784217 /* libcocos2dx.a */,
			);
			name = Products;
			sourceTree = "<group>";
		};
		7861C0B51836955B00B2A896 /* CocosDenshion */ = {
			isa = PBXGroup;
			children = (
				7861C0CD1836955B00B2A896 /* include */,
				7861C0E11836955B00B2A896 /* mac */,
			);
			name = CocosDenshion;
			path = ../../../CocosDenshion;
			sourceTree = "<group>";
		};
		7861C0CD1836955B00B2A896 /* include */ = {
			isa = PBXGroup;
			children = (
				7861C0CE1836955B00B2A896 /* Export.h */,
				7861C0CF1836955B00B2A896 /* SimpleAudioEngine.h */,
			);
			path = include;
			sourceTree = "<group>";
		};
		7861C0E11836955B00B2A896 /* mac */ = {
			isa = PBXGroup;
			children = (
				7861C0E21836955B00B2A896 /* CDAudioManager.h */,
				7861C0E31836955B00B2A896 /* CDAudioManager.m */,
				7861C0E41836955B00B2A896 /* CDConfig.h */,
				7861C0E51836955B00B2A896 /* CDOpenALSupport.h */,
				7861C0E61836955B00B2A896 /* CDOpenALSupport.m */,
				7861C0E71836955B00B2A896 /* CDXMacOSXSupport.h */,
				7861C0E81836955B00B2A896 /* CDXMacOSXSupport.mm */,
				7861C0E91836955B00B2A896 /* CocosDenshion.h */,
				7861C0EA1836955B00B2A896 /* CocosDenshion.m */,
				7861C0EB1836955B00B2A896 /* SimpleAudioEngine.mm */,
				7861C0EC1836955B00B2A896 /* SimpleAudioEngine_objc.h */,
				7861C0ED1836955B00B2A896 /* SimpleAudioEngine_objc.m */,
			);
			path = mac;
			sourceTree = "<group>";
		};
		78735F2317CDF54C006C1C9B /* Resources */ = {
			isa = PBXGroup;
			children = (
				7873619517CDF627006C1C9B /* Graphics */,
				78735F2417CDF54C006C1C9B /* Fonts */,
				7873600217CDF54D006C1C9B /* Music */,
				7873600717CDF54D006C1C9B /* Shaders */,
				7873600817CDF54D006C1C9B /* Sound */,
			);
			name = Resources;
			path = ../Resources;
			sourceTree = "<group>";
		};
		78735F2417CDF54C006C1C9B /* Fonts */ = {
			isa = PBXGroup;
			children = (
				78735F2517CDF54C006C1C9B /* Comic Sans MS.ttf */,
			);
			path = Fonts;
			sourceTree = "<group>";
		};
		7873600217CDF54D006C1C9B /* Music */ = {
			isa = PBXGroup;
			children = (
			);
			path = Music;
			sourceTree = "<group>";
		};
		7873600717CDF54D006C1C9B /* Shaders */ = {
			isa = PBXGroup;
			children = (
			);
			path = Shaders;
			sourceTree = "<group>";
		};
		7873600817CDF54D006C1C9B /* Sound */ = {
			isa = PBXGroup;
			children = (
			);
			path = Sound;
			sourceTree = "<group>";
		};
		7873619517CDF627006C1C9B /* Graphics */ = {
			isa = PBXGroup;
			children = (
				78A85916185BA50000D1CF61 /* 1280x720 */,
				7873620217CDF627006C1C9B /* Resources */,
			);
			path = Graphics;
			sourceTree = "<group>";
		};
		7873620217CDF627006C1C9B /* Resources */ = {
			isa = PBXGroup;
			children = (
				7873620517CDF627006C1C9B /* iPad-portrait.png */,
				7873620617CDF627006C1C9B /* iPad-portrait@2x.png */,
				7873620717CDF627006C1C9B /* iPhone-portrait.png */,
				7873620817CDF627006C1C9B /* iPhone-portrait@2x.png */,
				7873620917CDF627006C1C9B /* iPhone5-portrait@2x.png */,
			);
			path = Resources;
			sourceTree = "<group>";
		};
		78A85916185BA50000D1CF61 /* 1280x720 */ = {
			isa = PBXGroup;
			children = (
				78A85917185BA50000D1CF61 /* .gitignore */,
			);
			path = 1280x720;
			sourceTree = "<group>";
		};
		78D358BF182D25D5001450F3 /* Classes */ = {
			isa = PBXGroup;
			children = (
				78D358C0182D25D5001450F3 /* AppDelegate.cpp */,
				78D358C1182D25D5001450F3 /* AppDelegate.h */,
				78D35915182D25D5001450F3 /* Options.cpp */,
				78D35916182D25D5001450F3 /* Options.h */,
			);
			name = Classes;
			path = ../Classes;
			sourceTree = "<group>";
		};
/* End PBXGroup section */

/* Begin PBXNativeTarget section */
		41851B9115B93C32004083E9 /* BeatMyRobo */ = {
			isa = PBXNativeTarget;
			buildConfigurationList = 41851BB015B93C33004083E9 /* Build configuration list for PBXNativeTarget "BeatMyRobo" */;
			buildPhases = (
				41851B8E15B93C32004083E9 /* Sources */,
				41851B8F15B93C32004083E9 /* Frameworks */,
				41851B9015B93C32004083E9 /* Resources */,
			);
			buildRules = (
			);
			dependencies = (
			);
			name = BeatMyRobo;
			productName = Paralaxer;
			productReference = 41CD6C5115BF748C005E6F29 /* Beat my robo.app */;
			productType = "com.apple.product-type.application";
		};
/* End PBXNativeTarget section */

/* Begin PBXProject section */
		41851B8915B93C32004083E9 /* Project object */ = {
			isa = PBXProject;
			attributes = {
				LastUpgradeCheck = 0420;
				ORGANIZATIONNAME = "Bullets in a Burning Box, Inc.";
			};
			buildConfigurationList = 41851B8C15B93C32004083E9 /* Build configuration list for PBXProject "BeatMyRobo" */;
			compatibilityVersion = "Xcode 3.2";
			developmentRegion = English;
			hasScannedForEncodings = 0;
			knownRegions = (
				en,
			);
			mainGroup = 41851B8715B93C32004083E9;
			productRefGroup = 41851B8715B93C32004083E9;
			projectDirPath = "";
			projectReferences = (
				{
					ProductGroup = 7814319118369E1C00784217 /* Products */;
					ProjectRef = 7814319018369E1C00784217 /* cocos2dx.xcodeproj */;
				},
			);
			projectRoot = "";
			targets = (
				41851B9115B93C32004083E9 /* BeatMyRobo */,
			);
		};
/* End PBXProject section */

/* Begin PBXReferenceProxy section */
		7814319518369E1C00784217 /* libcocos2dx.a */ = {
			isa = PBXReferenceProxy;
			fileType = archive.ar;
			path = libcocos2dx.a;
			remoteRef = 7814319418369E1C00784217 /* PBXContainerItemProxy */;
			sourceTree = BUILT_PRODUCTS_DIR;
		};
/* End PBXReferenceProxy section */

/* Begin PBXResourcesBuildPhase section */
		41851B9015B93C32004083E9 /* Resources */ = {
			isa = PBXResourcesBuildPhase;
			buildActionMask = 2147483647;
			files = (
				78A85918185BA50000D1CF61 /* .gitignore in Resources */,
				41CD6C6E15BF7673005E6F29 /* InfoPlist.strings in Resources */,
				41CD6C6F15BF7673005E6F29 /* MainMenu.xib in Resources */,
				7873608517CDF54D006C1C9B /* Comic Sans MS.ttf in Resources */,
				7873627617CDF627006C1C9B /* iPad-portrait.png in Resources */,
				7873627717CDF627006C1C9B /* iPad-portrait@2x.png in Resources */,
				7873627817CDF627006C1C9B /* iPhone-portrait.png in Resources */,
				7873627917CDF627006C1C9B /* iPhone-portrait@2x.png in Resources */,
				7873627A17CDF627006C1C9B /* iPhone5-portrait@2x.png in Resources */,
			);
			runOnlyForDeploymentPostprocessing = 0;
		};
/* End PBXResourcesBuildPhase section */

/* Begin PBXSourcesBuildPhase section */
		41851B8E15B93C32004083E9 /* Sources */ = {
			isa = PBXSourcesBuildPhase;
			buildActionMask = 2147483647;
			files = (
				7861C18B1836955C00B2A896 /* CocosDenshion.m in Sources */,
				7861C18A1836955C00B2A896 /* CDXMacOSXSupport.mm in Sources */,
				41CD6C6515BF7574005E6F29 /* AppController.mm in Sources */,
				41CD6C6615BF7574005E6F29 /* main.m in Sources */,
				78D35983182D25D5001450F3 /* AppDelegate.cpp in Sources */,
				7861C18C1836955C00B2A896 /* SimpleAudioEngine.mm in Sources */,
				78D359AC182D25D6001450F3 /* Options.cpp in Sources */,
				7861C1891836955C00B2A896 /* CDOpenALSupport.m in Sources */,
				7861C1881836955C00B2A896 /* CDAudioManager.m in Sources */,
				7861C18D1836955C00B2A896 /* SimpleAudioEngine_objc.m in Sources */,
			);
			runOnlyForDeploymentPostprocessing = 0;
		};
/* End PBXSourcesBuildPhase section */

/* Begin PBXVariantGroup section */
		41CD6C6815BF7673005E6F29 /* InfoPlist.strings */ = {
			isa = PBXVariantGroup;
			children = (
				41CD6C6915BF7673005E6F29 /* en */,
			);
			name = InfoPlist.strings;
			sourceTree = "<group>";
		};
		41CD6C6A15BF7673005E6F29 /* MainMenu.xib */ = {
			isa = PBXVariantGroup;
			children = (
				41CD6C6B15BF7673005E6F29 /* en */,
			);
			name = MainMenu.xib;
			sourceTree = "<group>";
		};
/* End PBXVariantGroup section */

/* Begin XCBuildConfiguration section */
		41851BAE15B93C33004083E9 /* Debug */ = {
			isa = XCBuildConfiguration;
			buildSettings = {
				ALWAYS_SEARCH_USER_PATHS = NO;
				ARCHS = "$(ARCHS_STANDARD_32_64_BIT)";
				COPY_PHASE_STRIP = NO;
				GCC_C_LANGUAGE_STANDARD = "compiler-default";
				GCC_DYNAMIC_NO_PIC = NO;
				GCC_ENABLE_OBJC_EXCEPTIONS = YES;
				GCC_OPTIMIZATION_LEVEL = 0;
				GCC_PREPROCESSOR_DEFINITIONS = (
					"DEBUG=1",
					"$(inherited)",
				);
				GCC_SYMBOLS_PRIVATE_EXTERN = NO;
				GCC_VERSION = com.apple.compilers.llvm.clang.1_0;
				GCC_WARN_64_TO_32_BIT_CONVERSION = YES;
				GCC_WARN_ABOUT_MISSING_PROTOTYPES = YES;
				GCC_WARN_ABOUT_RETURN_TYPE = YES;
				GCC_WARN_UNUSED_VARIABLE = YES;
				MACOSX_DEPLOYMENT_TARGET = 10.6;
				ONLY_ACTIVE_ARCH = YES;
				SDKROOT = macosx;
			};
			name = Debug;
		};
		41851BAF15B93C33004083E9 /* Release */ = {
			isa = XCBuildConfiguration;
			buildSettings = {
				ALWAYS_SEARCH_USER_PATHS = NO;
				ARCHS = "$(ARCHS_STANDARD_32_64_BIT)";
				COPY_PHASE_STRIP = YES;
				DEBUG_INFORMATION_FORMAT = "dwarf-with-dsym";
				GCC_C_LANGUAGE_STANDARD = "compiler-default";
				GCC_ENABLE_OBJC_EXCEPTIONS = YES;
				GCC_VERSION = com.apple.compilers.llvm.clang.1_0;
				GCC_WARN_64_TO_32_BIT_CONVERSION = YES;
				GCC_WARN_ABOUT_MISSING_PROTOTYPES = YES;
				GCC_WARN_ABOUT_RETURN_TYPE = YES;
				GCC_WARN_UNUSED_VARIABLE = YES;
				MACOSX_DEPLOYMENT_TARGET = 10.6;
				SDKROOT = macosx;
			};
			name = Release;
		};
		41851BB115B93C33004083E9 /* Debug */ = {
			isa = XCBuildConfiguration;
			buildSettings = {
				ARCHS = "$(ARCHS_STANDARD_32_64_BIT)";
				CLANG_CXX_LANGUAGE_STANDARD = "compiler-default";
				GCC_C_LANGUAGE_STANDARD = "compiler-default";
				GCC_INLINES_ARE_PRIVATE_EXTERN = NO;
				GCC_PRECOMPILE_PREFIX_HEADER = YES;
				GCC_PREFIX_HEADER = BeatMyRobo_Prefix.pch;
				GCC_PREPROCESSOR_DEFINITIONS = (
					CC_TARGET_OS_MAC,
					"DEBUG=1",
					USE_FILE32API,
					"$(inherited)",
				);
				GCC_VERSION = "";
				GCC_WARN_64_TO_32_BIT_CONVERSION = NO;
				GCC_WARN_ABOUT_MISSING_PROTOTYPES = NO;
				HEADER_SEARCH_PATHS = (
					"\"$(SDKROOT)/usr/include/libxml2/\"",
					"\"$(SRCROOT)/../../../cocos2dx/include\"",
					"\"$(SRCROOT)/../../../cocos2dx\"",
					"\"$(SRCROOT)/../../../cocos2dx/platform/mac\"",
					"\"$(SRCROOT)/../../../cocos2dx/kazmath/include\"",
					"$(SRCROOT)/../../../CocosDenshion/include",
				);
				INFOPLIST_FILE = "$(SRCROOT)/Info.plist";
				LIBRARY_SEARCH_PATHS = (
					"/Users/igor/Development/cocos2d-x-2.1.4/cocos2dx/platform/third_party/mac/libraries",
					"$(inherited)",
					"/Users/igor/Development/cocos2d-x-2.1.4/projects/project-birds/proj.mac",
				);
				MACOSX_DEPLOYMENT_TARGET = 10.8;
				OTHER_CPLUSPLUSFLAGS = "$(OTHER_CFLAGS)";
				OTHER_LDFLAGS = "";
				PRODUCT_NAME = "Beat my robo";
				WRAPPER_EXTENSION = app;
			};
			name = Debug;
		};
		41851BB215B93C33004083E9 /* Release */ = {
			isa = XCBuildConfiguration;
			buildSettings = {
				ARCHS = "$(ARCHS_STANDARD_32_64_BIT)";
				CLANG_CXX_LANGUAGE_STANDARD = "compiler-default";
				GCC_C_LANGUAGE_STANDARD = "compiler-default";
				GCC_INLINES_ARE_PRIVATE_EXTERN = NO;
				GCC_PRECOMPILE_PREFIX_HEADER = YES;
				GCC_PREFIX_HEADER = BeatMyRobo_Prefix.pch;
				GCC_PREPROCESSOR_DEFINITIONS = (
					USE_FILE32API,
					CC_TARGET_OS_MAC,
				);
				GCC_SYMBOLS_PRIVATE_EXTERN = NO;
				GCC_VERSION = "";
				GCC_WARN_64_TO_32_BIT_CONVERSION = NO;
				GCC_WARN_ABOUT_MISSING_PROTOTYPES = NO;
				HEADER_SEARCH_PATHS = (
					"\"$(SDKROOT)/usr/include/libxml2/\"",
					"\"$(SRCROOT)/../../../cocos2dx/include\"",
					"\"$(SRCROOT)/../../../cocos2dx\"",
					"\"$(SRCROOT)/../../../cocos2dx/platform/mac\"",
					"\"$(SRCROOT)/../../../cocos2dx/kazmath/include\"",
					"$(SRCROOT)/../../../CocosDenshion/include",
				);
				INFOPLIST_FILE = "$(SRCROOT)/Info.plist";
				LIBRARY_SEARCH_PATHS = (
					"/Users/igor/Development/cocos2d-x-2.1.4/cocos2dx/platform/third_party/mac/libraries",
					"$(inherited)",
					"/Users/igor/Development/cocos2d-x-2.1.4/projects/project-birds/proj.mac",
				);
				MACOSX_DEPLOYMENT_TARGET = 10.8;
				OTHER_CPLUSPLUSFLAGS = "$(OTHER_CFLAGS)";
				OTHER_LDFLAGS = "";
				PRODUCT_NAME = "Beat my robo";
				WRAPPER_EXTENSION = app;
			};
			name = Release;
		};
/* End XCBuildConfiguration section */

/* Begin XCConfigurationList section */
		41851B8C15B93C32004083E9 /* Build configuration list for PBXProject "BeatMyRobo" */ = {
			isa = XCConfigurationList;
			buildConfigurations = (
				41851BAE15B93C33004083E9 /* Debug */,
				41851BAF15B93C33004083E9 /* Release */,
			);
			defaultConfigurationIsVisible = 0;
			defaultConfigurationName = Release;
		};
		41851BB015B93C33004083E9 /* Build configuration list for PBXNativeTarget "BeatMyRobo" */ = {
			isa = XCConfigurationList;
			buildConfigurations = (
				41851BB115B93C33004083E9 /* Debug */,
				41851BB215B93C33004083E9 /* Release */,
			);
			defaultConfigurationIsVisible = 0;
			defaultConfigurationName = Release;
		};
/* End XCConfigurationList section */
	};
	rootObject = 41851B8915B93C32004083E9 /* Project object */;
}
